
Microsoft Visual Studio Solution File, Format Version 12.00
# Visual Studio Version 16
VisualStudioVersion = 16.0.30804.86
MinimumVisualStudioVersion = 10.0.40219.1
Project("{9A19103F-16F7-4668-BE54-9A1E7A4F7556}") = "JetsonNanoObjectClassificationWeb", "JetsonNanoObjectClassificationWeb.csproj", "{F26D5979-97A1-4AEA-9B0A-5184BCBF79FC}"
EndProject
Global
	GlobalSection(SolutionConfigurationPlatforms) = preSolution
		Debug|Any CPU = Debug|Any CPU
		Release|Any CPU = Release|Any CPU
	EndGlobalSection
	GlobalSection(ProjectConfigurationPlatforms) = postSolution
		{F26D5979-97A1-4AEA-9B0A-5184BCBF79FC}.Debug|Any CPU.ActiveCfg = Debug|Any CPU
		{F26D5979-97A1-4AEA-9B0A-5184BCBF79FC}.Debug|Any CPU.Build.0 = Debug|Any CPU
		{F26D5979-97A1-4AEA-9B0A-5184BCBF79FC}.Release|Any CPU.ActiveCfg = Release|Any CPU
		{F26D5979-97A1-4AEA-9B0A-5184BCBF79FC}.Release|Any CPU.Build.0 = Release|Any CPU
	EndGlobalSection
	GlobalSection(SolutionProperties) = preSolution
		HideSolutionNode = FALSE
	EndGlobalSection
	GlobalSection(ExtensibilityGlobals) = postSolution
		SolutionGuid = {150C3573-8A59-45BE-9B7C-ED0F84BEA1FF}
	EndGlobalSection
EndGlobal
